
Microsoft Visual Studio Solution File, Format Version 12.00
# Visual Studio Version 17
VisualStudioVersion = 17.4.33213.308
MinimumVisualStudioVersion = 10.0.40219.1
Project("{9A19103F-16F7-4668-BE54-9A1E7A4F7556}") = "PopUpWindow", "PopUpWindow\PopUpWindow.csproj", "{9734868C-1374-4DEF-A299-98982A9C9541}"
EndProject
Project("{FAE04EC0-301F-11D3-BF4B-00C04F79EFBC}") = "PopUpIniEditorMVVM", "PopUpIniEditorMVVM\PopUpIniEditorMVVM.csproj", "{004C9E4C-3A2F-4744-B124-1C90A8D18D60}"
EndProject
Global
	GlobalSection(SolutionConfigurationPlatforms) = preSolution
		Debug|Any CPU = Debug|Any CPU
		Release|Any CPU = Release|Any CPU
	EndGlobalSection
	GlobalSection(ProjectConfigurationPlatforms) = postSolution
		{9734868C-1374-4DEF-A299-98982A9C9541}.Debug|Any CPU.ActiveCfg = Debug|Any CPU
		{9734868C-1374-4DEF-A299-98982A9C9541}.Debug|Any CPU.Build.0 = Debug|Any CPU
		{9734868C-1374-4DEF-A299-98982A9C9541}.Release|Any CPU.ActiveCfg = Release|Any CPU
		{9734868C-1374-4DEF-A299-98982A9C9541}.Release|Any CPU.Build.0 = Release|Any CPU
		{004C9E4C-3A2F-4744-B124-1C90A8D18D60}.Debug|Any CPU.ActiveCfg = Debug|Any CPU
		{004C9E4C-3A2F-4744-B124-1C90A8D18D60}.Debug|Any CPU.Build.0 = Debug|Any CPU
		{004C9E4C-3A2F-4744-B124-1C90A8D18D60}.Release|Any CPU.ActiveCfg = Release|Any CPU
		{004C9E4C-3A2F-4744-B124-1C90A8D18D60}.Release|Any CPU.Build.0 = Release|Any CPU
	EndGlobalSection
	GlobalSection(SolutionProperties) = preSolution
		HideSolutionNode = FALSE
	EndGlobalSection
	GlobalSection(ExtensibilityGlobals) = postSolution
		SolutionGuid = {F6A365EE-F797-4512-82A9-1E093F8117C3}
	EndGlobalSection
	GlobalSection(NestedProjects) = preSolution
	EndGlobalSection
EndGlobal
